
Microsoft Visual Studio Solution File, Format Version 12.00
# Visual Studio Version 17
VisualStudioVersion = 17.0.32112.339
MinimumVisualStudioVersion = 10.0.40219.1
Project("{2150E333-8FDC-42A3-9474-1A3956D46DE8}") = "Contact", "Contact", "{B9071602-F1BE-49FE-8687-FBC974CA2975}"
EndProject
Project("{9A19103F-16F7-4668-BE54-9A1E7A4F7556}") = "Contact.Core", "Contact.Core\Contact.Core.csproj", "{C44E46CF-7F70-462B-911F-0A5F41C5F9DD}"
EndProject
Project("{9A19103F-16F7-4668-BE54-9A1E7A4F7556}") = "Contact.Data", "Contact.Data\Contact.Data.csproj", "{01ACE1F6-BE08-4F6C-85AF-18206E4EEE7E}"
EndProject
Project("{9A19103F-16F7-4668-BE54-9A1E7A4F7556}") = "Contact.Service", "Contact.Service\Contact.Service.csproj", "{694D32C9-CF5D-484A-966C-5E07B64728D6}"
EndProject
Project("{9A19103F-16F7-4668-BE54-9A1E7A4F7556}") = "Contact.Api", "Contact.Api\Contact.Api.csproj", "{33395FEE-281A-4CD0-9BB0-A33B99971908}"
EndProject
Project("{2150E333-8FDC-42A3-9474-1A3956D46DE8}") = "Common", "Common", "{B69B0456-479F-43FC-A32F-2E5067E3D086}"
EndProject
Project("{2150E333-8FDC-42A3-9474-1A3956D46DE8}") = "Report", "Report", "{BC76FDF3-55DE-427F-9846-27C0E3FBFF3D}"
EndProject
Project("{FAE04EC0-301F-11D3-BF4B-00C04F79EFBC}") = "Report.Api", "Report.Api\Report.Api.csproj", "{1889995D-1B0D-42D8-AB7B-0F2B81E894C4}"
EndProject
Project("{FAE04EC0-301F-11D3-BF4B-00C04F79EFBC}") = "Shared", "Shared\Shared.csproj", "{011A9DBF-A4F4-4F67-8323-466F7BF88FE2}"
EndProject
Project("{FAE04EC0-301F-11D3-BF4B-00C04F79EFBC}") = "Report.WorkerService", "Report.WorkerService\Report.WorkerService.csproj", "{7028F009-C914-4078-A2E5-AAED64B862DC}"
EndProject
Global
	GlobalSection(SolutionConfigurationPlatforms) = preSolution
		Debug|Any CPU = Debug|Any CPU
		Release|Any CPU = Release|Any CPU
	EndGlobalSection
	GlobalSection(ProjectConfigurationPlatforms) = postSolution
		{C44E46CF-7F70-462B-911F-0A5F41C5F9DD}.Debug|Any CPU.ActiveCfg = Debug|Any CPU
		{C44E46CF-7F70-462B-911F-0A5F41C5F9DD}.Debug|Any CPU.Build.0 = Debug|Any CPU
		{C44E46CF-7F70-462B-911F-0A5F41C5F9DD}.Release|Any CPU.ActiveCfg = Release|Any CPU
		{C44E46CF-7F70-462B-911F-0A5F41C5F9DD}.Release|Any CPU.Build.0 = Release|Any CPU
		{01ACE1F6-BE08-4F6C-85AF-18206E4EEE7E}.Debug|Any CPU.ActiveCfg = Debug|Any CPU
		{01ACE1F6-BE08-4F6C-85AF-18206E4EEE7E}.Debug|Any CPU.Build.0 = Debug|Any CPU
		{01ACE1F6-BE08-4F6C-85AF-18206E4EEE7E}.Release|Any CPU.ActiveCfg = Release|Any CPU
		{01ACE1F6-BE08-4F6C-85AF-18206E4EEE7E}.Release|Any CPU.Build.0 = Release|Any CPU
		{694D32C9-CF5D-484A-966C-5E07B64728D6}.Debug|Any CPU.ActiveCfg = Debug|Any CPU
		{694D32C9-CF5D-484A-966C-5E07B64728D6}.Debug|Any CPU.Build.0 = Debug|Any CPU
		{694D32C9-CF5D-484A-966C-5E07B64728D6}.Release|Any CPU.ActiveCfg = Release|Any CPU
		{694D32C9-CF5D-484A-966C-5E07B64728D6}.Release|Any CPU.Build.0 = Release|Any CPU
		{33395FEE-281A-4CD0-9BB0-A33B99971908}.Debug|Any CPU.ActiveCfg = Debug|Any CPU
		{33395FEE-281A-4CD0-9BB0-A33B99971908}.Debug|Any CPU.Build.0 = Debug|Any CPU
		{33395FEE-281A-4CD0-9BB0-A33B99971908}.Release|Any CPU.ActiveCfg = Release|Any CPU
		{33395FEE-281A-4CD0-9BB0-A33B99971908}.Release|Any CPU.Build.0 = Release|Any CPU
		{1889995D-1B0D-42D8-AB7B-0F2B81E894C4}.Debug|Any CPU.ActiveCfg = Debug|Any CPU
		{1889995D-1B0D-42D8-AB7B-0F2B81E894C4}.Debug|Any CPU.Build.0 = Debug|Any CPU
		{1889995D-1B0D-42D8-AB7B-0F2B81E894C4}.Release|Any CPU.ActiveCfg = Release|Any CPU
		{1889995D-1B0D-42D8-AB7B-0F2B81E894C4}.Release|Any CPU.Build.0 = Release|Any CPU
		{011A9DBF-A4F4-4F67-8323-466F7BF88FE2}.Debug|Any CPU.ActiveCfg = Debug|Any CPU
		{011A9DBF-A4F4-4F67-8323-466F7BF88FE2}.Debug|Any CPU.Build.0 = Debug|Any CPU
		{011A9DBF-A4F4-4F67-8323-466F7BF88FE2}.Release|Any CPU.ActiveCfg = Release|Any CPU
		{011A9DBF-A4F4-4F67-8323-466F7BF88FE2}.Release|Any CPU.Build.0 = Release|Any CPU
		{7028F009-C914-4078-A2E5-AAED64B862DC}.Debug|Any CPU.ActiveCfg = Debug|Any CPU
		{7028F009-C914-4078-A2E5-AAED64B862DC}.Debug|Any CPU.Build.0 = Debug|Any CPU
		{7028F009-C914-4078-A2E5-AAED64B862DC}.Release|Any CPU.ActiveCfg = Release|Any CPU
		{7028F009-C914-4078-A2E5-AAED64B862DC}.Release|Any CPU.Build.0 = Release|Any CPU
	EndGlobalSection
	GlobalSection(SolutionProperties) = preSolution
		HideSolutionNode = FALSE
	EndGlobalSection
	GlobalSection(NestedProjects) = preSolution
		{C44E46CF-7F70-462B-911F-0A5F41C5F9DD} = {B9071602-F1BE-49FE-8687-FBC974CA2975}
		{01ACE1F6-BE08-4F6C-85AF-18206E4EEE7E} = {B9071602-F1BE-49FE-8687-FBC974CA2975}
		{694D32C9-CF5D-484A-966C-5E07B64728D6} = {B9071602-F1BE-49FE-8687-FBC974CA2975}
		{33395FEE-281A-4CD0-9BB0-A33B99971908} = {B9071602-F1BE-49FE-8687-FBC974CA2975}
		{1889995D-1B0D-42D8-AB7B-0F2B81E894C4} = {BC76FDF3-55DE-427F-9846-27C0E3FBFF3D}
		{011A9DBF-A4F4-4F67-8323-466F7BF88FE2} = {B69B0456-479F-43FC-A32F-2E5067E3D086}
		{7028F009-C914-4078-A2E5-AAED64B862DC} = {BC76FDF3-55DE-427F-9846-27C0E3FBFF3D}
	EndGlobalSection
	GlobalSection(ExtensibilityGlobals) = postSolution
		SolutionGuid = {8D22059B-5FF4-45D1-B1CB-3A6E7453B591}
	EndGlobalSection
EndGlobal
